
Microsoft Visual Studio Solution File, Format Version 12.00
# Visual Studio 15
VisualStudioVersion = 15.0.26730.3
MinimumVisualStudioVersion = 10.0.40219.1
Project("{FAE04EC0-301F-11D3-BF4B-00C04F79EFBC}") = "MDVRP_ORIG", "MDVRP_ORIG\MDVRP_ORIG.csproj", "{87FB38D3-2A84-4916-85A0-B6395BA71842}"
EndProject
Global
	GlobalSection(SolutionConfigurationPlatforms) = preSolution
		Debug|Any CPU = Debug|Any CPU
		Release|Any CPU = Release|Any CPU
	EndGlobalSection
	GlobalSection(ProjectConfigurationPlatforms) = postSolution
		{87FB38D3-2A84-4916-85A0-B6395BA71842}.Debug|Any CPU.ActiveCfg = Debug|Any CPU
		{87FB38D3-2A84-4916-85A0-B6395BA71842}.Debug|Any CPU.Build.0 = Debug|Any CPU
		{87FB38D3-2A84-4916-85A0-B6395BA71842}.Release|Any CPU.ActiveCfg = Release|Any CPU
		{87FB38D3-2A84-4916-85A0-B6395BA71842}.Release|Any CPU.Build.0 = Release|Any CPU
	EndGlobalSection
	GlobalSection(SolutionProperties) = preSolution
		HideSolutionNode = FALSE
	EndGlobalSection
	GlobalSection(ExtensibilityGlobals) = postSolution
		SolutionGuid = {AAEF49F9-1960-4411-B543-45D8B396D5F3}
	EndGlobalSection
EndGlobal
